
Microsoft Visual Studio Solution File, Format Version 12.00
# Visual Studio Version 16
VisualStudioVersion = 16.0.29905.134
MinimumVisualStudioVersion = 10.0.40219.1
Project("{9A19103F-16F7-4668-BE54-9A1E7A4F7556}") = "Cashflow.Presentation", "CashFlow.Presentation\Cashflow.Presentation.csproj", "{7588E0DC-C454-4C99-9853-8CAA2B6B9423}"
EndProject
Project("{9A19103F-16F7-4668-BE54-9A1E7A4F7556}") = "Cashflow.Data", "CashFlow.Data\Cashflow.Data.csproj", "{E7839B86-F8AA-4EE1-89B5-8B1EF1C05289}"
EndProject
Global
	GlobalSection(SolutionConfigurationPlatforms) = preSolution
		Debug|Any CPU = Debug|Any CPU
		Release|Any CPU = Release|Any CPU
	EndGlobalSection
	GlobalSection(ProjectConfigurationPlatforms) = postSolution
		{7588E0DC-C454-4C99-9853-8CAA2B6B9423}.Debug|Any CPU.ActiveCfg = Debug|Any CPU
		{7588E0DC-C454-4C99-9853-8CAA2B6B9423}.Debug|Any CPU.Build.0 = Debug|Any CPU
		{7588E0DC-C454-4C99-9853-8CAA2B6B9423}.Release|Any CPU.ActiveCfg = Release|Any CPU
		{7588E0DC-C454-4C99-9853-8CAA2B6B9423}.Release|Any CPU.Build.0 = Release|Any CPU
		{E7839B86-F8AA-4EE1-89B5-8B1EF1C05289}.Debug|Any CPU.ActiveCfg = Debug|Any CPU
		{E7839B86-F8AA-4EE1-89B5-8B1EF1C05289}.Debug|Any CPU.Build.0 = Debug|Any CPU
		{E7839B86-F8AA-4EE1-89B5-8B1EF1C05289}.Release|Any CPU.ActiveCfg = Release|Any CPU
		{E7839B86-F8AA-4EE1-89B5-8B1EF1C05289}.Release|Any CPU.Build.0 = Release|Any CPU
	EndGlobalSection
	GlobalSection(SolutionProperties) = preSolution
		HideSolutionNode = FALSE
	EndGlobalSection
	GlobalSection(ExtensibilityGlobals) = postSolution
		SolutionGuid = {AA522BDE-6D44-475F-A2AA-3B46BECCBB1C}
	EndGlobalSection
EndGlobal
